// !$*UTF8*$!
{
	archiveVersion = 1;
	classes = {
	};
	objectVersion = 51;
	objects = {

/* Begin PBXBuildFile section */
		8F4049D9242428FB00C10C95 /* libresolv.tbd in Frameworks */ = {isa = PBXBuildFile; fileRef = 8FA604F11EF5264900D6B7EF /* libresolv.tbd */; };
		8FA604DA1EF5204700D6B7EF /* AppDelegate.swift in Sources */ = {isa = PBXBuildFile; fileRef = 8FA604D91EF5204700D6B7EF /* AppDelegate.swift */; };
		8FA604DC1EF5204700D6B7EF /* ViewController.swift in Sources */ = {isa = PBXBuildFile; fileRef = 8FA604DB1EF5204700D6B7EF /* ViewController.swift */; };
		8FA604DF1EF5204700D6B7EF /* Main.storyboard in Resources */ = {isa = PBXBuildFile; fileRef = 8FA604DD1EF5204700D6B7EF /* Main.storyboard */; };
		8FA604E11EF5204700D6B7EF /* Assets.xcassets in Resources */ = {isa = PBXBuildFile; fileRef = 8FA604E01EF5204700D6B7EF /* Assets.xcassets */; };
		8FA604E41EF5204700D6B7EF /* LaunchScreen.storyboard in Resources */ = {isa = PBXBuildFile; fileRef = 8FA604E21EF5204700D6B7EF /* LaunchScreen.storyboard */; };
		8FA604FE1EF52F2E00D6B7EF /* RustCrypto.m in Sources */ = {isa = PBXBuildFile; fileRef = 8FA604FD1EF52F2E00D6B7EF /* RustCrypto.m */; };
		8FC9CD0024312C7100998A96 /* librust_crypto.a in Frameworks */ = {isa = PBXBuildFile; fileRef = 8FC9CCFF24312C7100998A96 /* librust_crypto.a */; };
/* End PBXBuildFile section */

/* Begin PBXFileReference section */
		8F96D77E247DFA6700C2E4C0 /* CryptoDemo.profdata */ = {isa = PBXFileReference; lastKnownFileType = file; path = CryptoDemo.profdata; sourceTree = "<group>"; };
		8FA604D61EF5204700D6B7EF /* CryptoDemo.app */ = {isa = PBXFileReference; explicitFileType = wrapper.application; includeInIndex = 0; path = CryptoDemo.app; sourceTree = BUILT_PRODUCTS_DIR; };
		8FA604D91EF5204700D6B7EF /* AppDelegate.swift */ = {isa = PBXFileReference; lastKnownFileType = sourcecode.swift; path = AppDelegate.swift; sourceTree = "<group>"; };
		8FA604DB1EF5204700D6B7EF /* ViewController.swift */ = {isa = PBXFileReference; lastKnownFileType = sourcecode.swift; path = ViewController.swift; sourceTree = "<group>"; };
		8FA604DE1EF5204700D6B7EF /* Base */ = {isa = PBXFileReference; lastKnownFileType = file.storyboard; name = Base; path = Base.lproj/Main.storyboard; sourceTree = "<group>"; };
		8FA604E01EF5204700D6B7EF /* Assets.xcassets */ = {isa = PBXFileReference; lastKnownFileType = folder.assetcatalog; path = Assets.xcassets; sourceTree = "<group>"; };
		8FA604E31EF5204700D6B7EF /* Base */ = {isa = PBXFileReference; lastKnownFileType = file.storyboard; name = Base; path = Base.lproj/LaunchScreen.storyboard; sourceTree = "<group>"; };
		8FA604E51EF5204700D6B7EF /* Info.plist */ = {isa = PBXFileReference; lastKnownFileType = text.plist.xml; path = Info.plist; sourceTree = "<group>"; };
		8FA604F11EF5264900D6B7EF /* libresolv.tbd */ = {isa = PBXFileReference; lastKnownFileType = "sourcecode.text-based-dylib-definition"; name = libresolv.tbd; path = usr/lib/libresolv.tbd; sourceTree = SDKROOT; };
		8FA604F51EF5285A00D6B7EF /* rust_crypto.h */ = {isa = PBXFileReference; fileEncoding = 4; lastKnownFileType = sourcecode.c.h; name = rust_crypto.h; path = ../../../Backend/rust_crypto/src/rust_crypto.h; sourceTree = "<group>"; };
		8FA604FB1EF52F2E00D6B7EF /* CryptoDemo-Bridging-Header.h */ = {isa = PBXFileReference; lastKnownFileType = sourcecode.c.h; path = "CryptoDemo-Bridging-Header.h"; sourceTree = "<group>"; };
		8FA604FC1EF52F2E00D6B7EF /* RustCrypto.h */ = {isa = PBXFileReference; fileEncoding = 4; lastKnownFileType = sourcecode.c.h; path = RustCrypto.h; sourceTree = "<group>"; };
		8FA604FD1EF52F2E00D6B7EF /* RustCrypto.m */ = {isa = PBXFileReference; fileEncoding = 4; lastKnownFileType = sourcecode.c.objc; path = RustCrypto.m; sourceTree = "<group>"; };
		8FC9CCFF24312C7100998A96 /* librust_crypto.a */ = {isa = PBXFileReference; lastKnownFileType = archive.ar; name = librust_crypto.a; path = ../../Backend/rust_crypto/target/universal/librust_crypto.a; sourceTree = "<group>"; };
/* End PBXFileReference section */

/* Begin PBXFrameworksBuildPhase section */
		8FA604D31EF5204700D6B7EF /* Frameworks */ = {
			isa = PBXFrameworksBuildPhase;
			buildActionMask = 2147483647;
			files = (
				8FC9CD0024312C7100998A96 /* librust_crypto.a in Frameworks */,
				8F4049D9242428FB00C10C95 /* libresolv.tbd in Frameworks */,
			);
			runOnlyForDeploymentPostprocessing = 0;
		};
/* End PBXFrameworksBuildPhase section */

/* Begin PBXGroup section */
		8F96D77D247DFA6700C2E4C0 /* OptimizationProfiles */ = {
			isa = PBXGroup;
			children = (
				8F96D77E247DFA6700C2E4C0 /* CryptoDemo.profdata */,
			);
			path = OptimizationProfiles;
			sourceTree = "<group>";
		};
		8FA604CD1EF5204700D6B7EF = {
			isa = PBXGroup;
			children = (
				8FA604D81EF5204700D6B7EF /* CryptoDemo */,
				8FA604D71EF5204700D6B7EF /* Products */,
				8FA604EB1EF5237500D6B7EF /* Frameworks */,
				8F96D77D247DFA6700C2E4C0 /* OptimizationProfiles */,
			);
			sourceTree = "<group>";
		};
		8FA604D71EF5204700D6B7EF /* Products */ = {
			isa = PBXGroup;
			children = (
				8FA604D61EF5204700D6B7EF /* CryptoDemo.app */,
			);
			name = Products;
			sourceTree = "<group>";
		};
		8FA604D81EF5204700D6B7EF /* CryptoDemo */ = {
			isa = PBXGroup;
			children = (
				8FA604F51EF5285A00D6B7EF /* rust_crypto.h */,
				8FA604D91EF5204700D6B7EF /* AppDelegate.swift */,
				8FA604DB1EF5204700D6B7EF /* ViewController.swift */,
				8FA604DD1EF5204700D6B7EF /* Main.storyboard */,
				8FA604E01EF5204700D6B7EF /* Assets.xcassets */,
				8FA604E21EF5204700D6B7EF /* LaunchScreen.storyboard */,
				8FA604E51EF5204700D6B7EF /* Info.plist */,
				8FA604FC1EF52F2E00D6B7EF /* RustCrypto.h */,
				8FA604FD1EF52F2E00D6B7EF /* RustCrypto.m */,
				8FA604FB1EF52F2E00D6B7EF /* CryptoDemo-Bridging-Header.h */,
			);
			path = CryptoDemo;
			sourceTree = "<group>";
		};
		8FA604EB1EF5237500D6B7EF /* Frameworks */ = {
			isa = PBXGroup;
			children = (
				8FC9CCFF24312C7100998A96 /* librust_crypto.a */,
				8FA604F11EF5264900D6B7EF /* libresolv.tbd */,
			);
			name = Frameworks;
			sourceTree = "<group>";
		};
/* End PBXGroup section */

/* Begin PBXNativeTarget section */
		8FA604D51EF5204700D6B7EF /* CryptoDemo */ = {
			isa = PBXNativeTarget;
			buildConfigurationList = 8FA604E81EF5204700D6B7EF /* Build configuration list for PBXNativeTarget "CryptoDemo" */;
			buildPhases = (
				8F4049D42424202800C10C95 /* ShellScript */,
				8FA604D21EF5204700D6B7EF /* Sources */,
				8FA604D31EF5204700D6B7EF /* Frameworks */,
				8FA604D41EF5204700D6B7EF /* Resources */,
			);
			buildRules = (
			);
			dependencies = (
			);
			name = CryptoDemo;
			productName = CryptoDemo;
			productReference = 8FA604D61EF5204700D6B7EF /* CryptoDemo.app */;
			productType = "com.apple.product-type.application";
		};
/* End PBXNativeTarget section */

/* Begin PBXProject section */
		8FA604CE1EF5204700D6B7EF /* Project object */ = {
			isa = PBXProject;
			attributes = {
				CLASSPREFIX = CS;
				LastSwiftUpdateCheck = 0830;
				LastUpgradeCheck = 1240;
				ORGANIZATIONNAME = Comtasoft;
				TargetAttributes = {
					8FA604D51EF5204700D6B7EF = {
						CreatedOnToolsVersion = 8.3.3;
						LastSwiftMigration = 1020;
					};
				};
			};
			buildConfigurationList = 8FA604D11EF5204700D6B7EF /* Build configuration list for PBXProject "CryptoDemo" */;
			compatibilityVersion = "Xcode 10.0";
			developmentRegion = en;
			hasScannedForEncodings = 0;
			knownRegions = (
				en,
				Base,
			);
			mainGroup = 8FA604CD1EF5204700D6B7EF;
			productRefGroup = 8FA604D71EF5204700D6B7EF /* Products */;
			projectDirPath = "";
			projectRoot = "";
			targets = (
				8FA604D51EF5204700D6B7EF /* CryptoDemo */,
			);
		};
/* End PBXProject section */

/* Begin PBXResourcesBuildPhase section */
		8FA604D41EF5204700D6B7EF /* Resources */ = {
			isa = PBXResourcesBuildPhase;
			buildActionMask = 2147483647;
			files = (
				8FA604E41EF5204700D6B7EF /* LaunchScreen.storyboard in Resources */,
				8FA604E11EF5204700D6B7EF /* Assets.xcassets in Resources */,
				8FA604DF1EF5204700D6B7EF /* Main.storyboard in Resources */,
			);
			runOnlyForDeploymentPostprocessing = 0;
		};
/* End PBXResourcesBuildPhase section */

/* Begin PBXShellScriptBuildPhase section */
		8F4049D42424202800C10C95 /* ShellScript */ = {
			isa = PBXShellScriptBuildPhase;
			buildActionMask = 2147483647;
			files = (
			);
			inputFileListPaths = (
			);
			inputPaths = (
			);
			outputFileListPaths = (
			);
			outputPaths = (
			);
			runOnlyForDeploymentPostprocessing = 0;
			shellPath = /bin/sh;
			shellScript = "# Type a script or drag a script file from your workspace to insert its path.\nexport PATH=\"$HOME/.cargo/bin:$PATH\"\n\nLIB_RUST_NAME=rust_crypto\nCORELIB_DIR=../../Backend/$LIB_RUST_NAME\n\n# --xcode-integ determines --release and --targets from XCode's env vars.\n# Depending your setup, specify the rustup toolchain explicitly.\ncargo lipo --xcode-integ --manifest-path $CORELIB_DIR/Cargo.toml\n\nif [ $CONFIGURATION == \"Release\" ]\nthen\n\tcp $CORELIB_DIR/target/universal/release/librust_crypto.a $CORELIB_DIR/target/universal\nelse\n\tcp $CORELIB_DIR/target/universal/debug/librust_crypto.a $CORELIB_DIR/target/universal\nfi\n";
		};
/* End PBXShellScriptBuildPhase section */

/* Begin PBXSourcesBuildPhase section */
		8FA604D21EF5204700D6B7EF /* Sources */ = {
			isa = PBXSourcesBuildPhase;
			buildActionMask = 2147483647;
			files = (
				8FA604FE1EF52F2E00D6B7EF /* RustCrypto.m in Sources */,
				8FA604DC1EF5204700D6B7EF /* ViewController.swift in Sources */,
				8FA604DA1EF5204700D6B7EF /* AppDelegate.swift in Sources */,
			);
			runOnlyForDeploymentPostprocessing = 0;
		};
/* End PBXSourcesBuildPhase section */

/* Begin PBXVariantGroup section */
		8FA604DD1EF5204700D6B7EF /* Main.storyboard */ = {
			isa = PBXVariantGroup;
			children = (
				8FA604DE1EF5204700D6B7EF /* Base */,
			);
			name = Main.storyboard;
			sourceTree = "<group>";
		};
		8FA604E21EF5204700D6B7EF /* LaunchScreen.storyboard */ = {
			isa = PBXVariantGroup;
			children = (
				8FA604E31EF5204700D6B7EF /* Base */,
			);
			name = LaunchScreen.storyboard;
			sourceTree = "<group>";
		};
/* End PBXVariantGroup section */

/* Begin XCBuildConfiguration section */
		8FA604E61EF5204700D6B7EF /* Debug */ = {
			isa = XCBuildConfiguration;
			buildSettings = {
				ALWAYS_SEARCH_USER_PATHS = NO;
				CLANG_ANALYZER_LOCALIZABILITY_NONLOCALIZED = YES;
				CLANG_ANALYZER_NONNULL = YES;
				CLANG_ANALYZER_NUMBER_OBJECT_CONVERSION = YES_AGGRESSIVE;
				CLANG_CXX_LANGUAGE_STANDARD = "gnu++17";
				CLANG_CXX_LIBRARY = "libc++";
				CLANG_ENABLE_MODULES = YES;
				CLANG_ENABLE_OBJC_ARC = YES;
				CLANG_WARN_BLOCK_CAPTURE_AUTORELEASING = YES;
				CLANG_WARN_BOOL_CONVERSION = YES;
				CLANG_WARN_COMMA = YES;
				CLANG_WARN_CONSTANT_CONVERSION = YES;
				CLANG_WARN_DEPRECATED_OBJC_IMPLEMENTATIONS = YES;
				CLANG_WARN_DIRECT_OBJC_ISA_USAGE = YES_ERROR;
				CLANG_WARN_DOCUMENTATION_COMMENTS = YES;
				CLANG_WARN_EMPTY_BODY = YES;
				CLANG_WARN_ENUM_CONVERSION = YES;
				CLANG_WARN_INFINITE_RECURSION = YES;
				CLANG_WARN_INT_CONVERSION = YES;
				CLANG_WARN_NON_LITERAL_NULL_CONVERSION = YES;
				CLANG_WARN_OBJC_IMPLICIT_RETAIN_SELF = YES;
				CLANG_WARN_OBJC_LITERAL_CONVERSION = YES;
				CLANG_WARN_OBJC_ROOT_CLASS = YES_ERROR;
				CLANG_WARN_QUOTED_INCLUDE_IN_FRAMEWORK_HEADER = YES;
				CLANG_WARN_RANGE_LOOP_ANALYSIS = YES;
				CLANG_WARN_STRICT_PROTOTYPES = YES;
				CLANG_WARN_SUSPICIOUS_MOVE = YES;
				CLANG_WARN_UNREACHABLE_CODE = YES;
				CLANG_WARN__DUPLICATE_METHOD_MATCH = YES;
				"CODE_SIGN_IDENTITY[sdk=iphoneos*]" = "iPhone Developer";
				COPY_PHASE_STRIP = NO;
				DEBUG_INFORMATION_FORMAT = dwarf;
				ENABLE_BITCODE = NO;
				ENABLE_STRICT_OBJC_MSGSEND = YES;
				ENABLE_TESTABILITY = YES;
				GCC_C_LANGUAGE_STANDARD = gnu11;
				GCC_DYNAMIC_NO_PIC = NO;
				GCC_NO_COMMON_BLOCKS = YES;
				GCC_OPTIMIZATION_LEVEL = 0;
				GCC_PREPROCESSOR_DEFINITIONS = (
					"DEBUG=1",
					"$(inherited)",
				);
				GCC_WARN_64_TO_32_BIT_CONVERSION = YES;
				GCC_WARN_ABOUT_RETURN_TYPE = YES_ERROR;
				GCC_WARN_UNDECLARED_SELECTOR = YES;
				GCC_WARN_UNINITIALIZED_AUTOS = YES_AGGRESSIVE;
				GCC_WARN_UNUSED_FUNCTION = YES;
				GCC_WARN_UNUSED_VARIABLE = YES;
				IPHONEOS_DEPLOYMENT_TARGET = 12.3;
				MTL_ENABLE_DEBUG_INFO = YES;
				ONLY_ACTIVE_ARCH = YES;
				SDKROOT = iphoneos;
				SWIFT_ACTIVE_COMPILATION_CONDITIONS = DEBUG;
				SWIFT_COMPILATION_MODE = singlefile;
				SWIFT_OBJC_INTERFACE_HEADER_NAME = "";
				SWIFT_OPTIMIZATION_LEVEL = "-Onone";
				SWIFT_VERSION = 5.0;
				TARGETED_DEVICE_FAMILY = "1,2";
			};
			name = Debug;
		};
		8FA604E71EF5204700D6B7EF /* Release */ = {
			isa = XCBuildConfiguration;
			buildSettings = {
				ALWAYS_SEARCH_USER_PATHS = NO;
				CLANG_ANALYZER_LOCALIZABILITY_NONLOCALIZED = YES;
				CLANG_ANALYZER_NONNULL = YES;
				CLANG_ANALYZER_NUMBER_OBJECT_CONVERSION = YES_AGGRESSIVE;
				CLANG_CXX_LANGUAGE_STANDARD = "gnu++17";
				CLANG_CXX_LIBRARY = "libc++";
				CLANG_ENABLE_MODULES = YES;
				CLANG_ENABLE_OBJC_ARC = YES;
				CLANG_WARN_BLOCK_CAPTURE_AUTORELEASING = YES;
				CLANG_WARN_BOOL_CONVERSION = YES;
				CLANG_WARN_COMMA = YES;
				CLANG_WARN_CONSTANT_CONVERSION = YES;
				CLANG_WARN_DEPRECATED_OBJC_IMPLEMENTATIONS = YES;
				CLANG_WARN_DIRECT_OBJC_ISA_USAGE = YES_ERROR;
				CLANG_WARN_DOCUMENTATION_COMMENTS = YES;
				CLANG_WARN_EMPTY_BODY = YES;
				CLANG_WARN_ENUM_CONVERSION = YES;
				CLANG_WARN_INFINITE_RECURSION = YES;
				CLANG_WARN_INT_CONVERSION = YES;
				CLANG_WARN_NON_LITERAL_NULL_CONVERSION = YES;
				CLANG_WARN_OBJC_IMPLICIT_RETAIN_SELF = YES;
				CLANG_WARN_OBJC_LITERAL_CONVERSION = YES;
				CLANG_WARN_OBJC_ROOT_CLASS = YES_ERROR;
				CLANG_WARN_QUOTED_INCLUDE_IN_FRAMEWORK_HEADER = YES;
				CLANG_WARN_RANGE_LOOP_ANALYSIS = YES;
				CLANG_WARN_STRICT_PROTOTYPES = YES;
				CLANG_WARN_SUSPICIOUS_MOVE = YES;
				CLANG_WARN_UNREACHABLE_CODE = YES;
				CLANG_WARN__DUPLICATE_METHOD_MATCH = YES;
				"CODE_SIGN_IDENTITY[sdk=iphoneos*]" = "iPhone Developer";
				COPY_PHASE_STRIP = NO;
				DEBUG_INFORMATION_FORMAT = "dwarf-with-dsym";
				ENABLE_BITCODE = NO;
				ENABLE_NS_ASSERTIONS = NO;
				ENABLE_STRICT_OBJC_MSGSEND = YES;
				GCC_C_LANGUAGE_STANDARD = gnu11;
				GCC_NO_COMMON_BLOCKS = YES;
				GCC_WARN_64_TO_32_BIT_CONVERSION = YES;
				GCC_WARN_ABOUT_RETURN_TYPE = YES_ERROR;
				GCC_WARN_UNDECLARED_SELECTOR = YES;
				GCC_WARN_UNINITIALIZED_AUTOS = YES_AGGRESSIVE;
				GCC_WARN_UNUSED_FUNCTION = YES;
				GCC_WARN_UNUSED_VARIABLE = YES;
				IPHONEOS_DEPLOYMENT_TARGET = 12.3;
				MTL_ENABLE_DEBUG_INFO = NO;
				SDKROOT = iphoneos;
				SWIFT_COMPILATION_MODE = wholemodule;
				SWIFT_OBJC_INTERFACE_HEADER_NAME = "";
				SWIFT_OPTIMIZATION_LEVEL = "-O";
				SWIFT_VERSION = 5.0;
				TARGETED_DEVICE_FAMILY = "1,2";
				VALIDATE_PRODUCT = YES;
			};
			name = Release;
		};
		8FA604E91EF5204700D6B7EF /* Debug */ = {
			isa = XCBuildConfiguration;
			buildSettings = {
				ASSETCATALOG_COMPILER_APPICON_NAME = AppIcon;
				CLANG_ENABLE_MODULES = YES;
				CLANG_USE_OPTIMIZATION_PROFILE = YES;
				CODE_SIGN_IDENTITY = "iPhone Developer";
				CODE_SIGN_STYLE = Automatic;
				CURRENT_PROJECT_VERSION = 2;
				DEVELOPMENT_TEAM = VP7JWS9W9X;
				ENABLE_BITCODE = NO;
				INFOPLIST_FILE = CryptoDemo/Info.plist;
				IPHONEOS_DEPLOYMENT_TARGET = 12.3;
				LD_RUNPATH_SEARCH_PATHS = (
					"$(inherited)",
					"@executable_path/Frameworks",
				);
				LIBRARY_SEARCH_PATHS = (
					"$(PROJECT_DIR)",
					"$(inherited)",
				);
				"LIBRARY_SEARCH_PATHS[arch=*]" = ../../Backend/rust_crypto/target/universal;
				PRODUCT_BUNDLE_IDENTIFIER = com.comtasoft.CryptoDemo;
				PRODUCT_NAME = "$(TARGET_NAME)";
				PROVISIONING_PROFILE_SPECIFIER = "";
				SWIFT_COMPILATION_MODE = singlefile;
				SWIFT_OBJC_BRIDGING_HEADER = "$(SWIFT_MODULE_NAME)/CryptoDemo-Bridging-Header.h";
				SWIFT_OBJC_INTERFACE_HEADER_NAME = "";
				SWIFT_OPTIMIZATION_LEVEL = "-Onone";
				SWIFT_VERSION = 5.0;
			};
			name = Debug;
		};
		8FA604EA1EF5204700D6B7EF /* Release */ = {
			isa = XCBuildConfiguration;
			buildSettings = {
				ASSETCATALOG_COMPILER_APPICON_NAME = AppIcon;
				CLANG_ENABLE_MODULES = YES;
				CLANG_USE_OPTIMIZATION_PROFILE = YES;
				CODE_SIGN_IDENTITY = "iPhone Developer";
				CODE_SIGN_STYLE = Automatic;
				CURRENT_PROJECT_VERSION = 2;
				DEVELOPMENT_TEAM = VP7JWS9W9X;
				ENABLE_BITCODE = NO;
				INFOPLIST_FILE = CryptoDemo/Info.plist;
				IPHONEOS_DEPLOYMENT_TARGET = 12.3;
				LD_RUNPATH_SEARCH_PATHS = (
					"$(inherited)",
					"@executable_path/Frameworks",
				);
				LIBRARY_SEARCH_PATHS = (
					"$(PROJECT_DIR)",
					"$(inherited)",
				);
				"LIBRARY_SEARCH_PATHS[arch=*]" = ../../Backend/rust_crypto/target/universal;
				PRODUCT_BUNDLE_IDENTIFIER = com.comtasoft.CryptoDemo;
				PRODUCT_NAME = "$(TARGET_NAME)";
				PROVISIONING_PROFILE_SPECIFIER = "";
				SWIFT_OBJC_BRIDGING_HEADER = "$(SWIFT_MODULE_NAME)/CryptoDemo-Bridging-Header.h";
				SWIFT_OBJC_INTERFACE_HEADER_NAME = "";
				SWIFT_VERSION = 5.0;
			};
			name = Release;
		};
/* End XCBuildConfiguration section */

/* Begin XCConfigurationList section */
		8FA604D11EF5204700D6B7EF /* Build configuration list for PBXProject "CryptoDemo" */ = {
			isa = XCConfigurationList;
			buildConfigurations = (
				8FA604E61EF5204700D6B7EF /* Debug */,
				8FA604E71EF5204700D6B7EF /* Release */,
			);
			defaultConfigurationIsVisible = 0;
			defaultConfigurationName = Release;
		};
		8FA604E81EF5204700D6B7EF /* Build configuration list for PBXNativeTarget "CryptoDemo" */ = {
			isa = XCConfigurationList;
			buildConfigurations = (
				8FA604E91EF5204700D6B7EF /* Debug */,
				8FA604EA1EF5204700D6B7EF /* Release */,
			);
			defaultConfigurationIsVisible = 0;
			defaultConfigurationName = Release;
		};
/* End XCConfigurationList section */
	};
	rootObject = 8FA604CE1EF5204700D6B7EF /* Project object */;
}
